{"is_source_file": false, "format": "", "description": "", "external_files": [], "external_methods": [], "published": [], "classes": [], "methods": [], "calls": [], "search-terms": [], "state": 2, "file_id": 3, "knowledge_revision": 20, "git_revision": "e7b014bfaa479b4b09510998452d58ff0aecd519", "hash": "9c4ed7ef73e22b872b8055bec08b8979", "format-version": 4, "code-base-name": "default", "filename": "tic_tac_toe/post_process_status.lock", "revision_history": [{"20": "e7b014bfaa479b4b09510998452d58ff0aecd519"}]}